// !$*UTF8*$!
{
	archiveVersion = 1;
	classes = {
	};
	objectVersion = 56;
	objects = {

/* Begin PBXBuildFile section */
		911A199A29796E7C00AEA1DA /* main.swift in Sources */ = {isa = PBXBuildFile; fileRef = 911A199929796E7C00AEA1DA /* main.swift */; };
		91852B59296EEBD7001EF1B4 /* Combination.swift in Sources */ = {isa = PBXBuildFile; fileRef = 91852B58296EEBD7001EF1B4 /* Combination.swift */; };
		91852B5B296EF561001EF1B4 /* Permutation.swift in Sources */ = {isa = PBXBuildFile; fileRef = 91852B5A296EF561001EF1B4 /* Permutation.swift */; };
		91E46A06296443D4007B79DC /* Heap.swift in Sources */ = {isa = PBXBuildFile; fileRef = 91E46A05296443D4007B79DC /* Heap.swift */; };
		91E46A07296454A3007B79DC /* PriorityQueue.swift in Sources */ = {isa = PBXBuildFile; fileRef = 91E46A0229644355007B79DC /* PriorityQueue.swift */; };
/* End PBXBuildFile section */

/* Begin PBXCopyFilesBuildPhase section */
		912CC28B295F13EA00D0D872 /* CopyFiles */ = {
			isa = PBXCopyFilesBuildPhase;
			buildActionMask = 2147483647;
			dstPath = /usr/share/man/man1/;
			dstSubfolderSpec = 0;
			files = (
			);
			runOnlyForDeploymentPostprocessing = 1;
		};
/* End PBXCopyFilesBuildPhase section */

/* Begin PBXFileReference section */
		9115529E29630F4400BD06FA /* main.swift */ = {isa = PBXFileReference; lastKnownFileType = sourcecode.swift; path = main.swift; sourceTree = "<group>"; };
		911A199929796E7C00AEA1DA /* main.swift */ = {isa = PBXFileReference; lastKnownFileType = sourcecode.swift; path = main.swift; sourceTree = "<group>"; };
		912CC28D295F13EA00D0D872 /* SwiftAlgorithm */ = {isa = PBXFileReference; explicitFileType = "compiled.mach-o.executable"; includeInIndex = 0; path = SwiftAlgorithm; sourceTree = BUILT_PRODUCTS_DIR; };
		912CC298295F144C00D0D872 /* main.swift */ = {isa = PBXFileReference; lastKnownFileType = sourcecode.swift; path = main.swift; sourceTree = "<group>"; };
		912CE70029727E910004B827 /* main.swift */ = {isa = PBXFileReference; lastKnownFileType = sourcecode.swift; path = main.swift; sourceTree = "<group>"; };
		912E1EDF2972C4B70031C184 /* main.swift */ = {isa = PBXFileReference; lastKnownFileType = sourcecode.swift; path = main.swift; sourceTree = "<group>"; };
		912E1EE12972C4EE0031C184 /* 도넛행성.png */ = {isa = PBXFileReference; lastKnownFileType = image.png; path = "도넛행성.png"; sourceTree = "<group>"; };
		912E1EE22972C4F10031C184 /* 신을 모시는 사당.png */ = {isa = PBXFileReference; lastKnownFileType = image.png; path = "신을 모시는 사당.png"; sourceTree = "<group>"; };
		912E1EE32972C4F70031C184 /* 미팅.png */ = {isa = PBXFileReference; lastKnownFileType = image.png; path = "미팅.png"; sourceTree = "<group>"; };
		913609152965A26F0051DD8E /* main.swift */ = {isa = PBXFileReference; lastKnownFileType = sourcecode.swift; path = main.swift; sourceTree = "<group>"; };
		91375E1A296003BC00789573 /* main.swift */ = {isa = PBXFileReference; lastKnownFileType = sourcecode.swift; path = main.swift; sourceTree = "<group>"; };
		91408DE8296D8E16006A52E1 /* main.swift */ = {isa = PBXFileReference; lastKnownFileType = sourcecode.swift; path = main.swift; sourceTree = "<group>"; };
		915373872974243C00885D95 /* main.swift */ = {isa = PBXFileReference; lastKnownFileType = sourcecode.swift; path = main.swift; sourceTree = "<group>"; };
		9164AA3A2975930000B2D70B /* main.swift */ = {isa = PBXFileReference; lastKnownFileType = sourcecode.swift; path = main.swift; sourceTree = "<group>"; };
		9168C5B229684B7B00F44817 /* main.swift */ = {isa = PBXFileReference; lastKnownFileType = sourcecode.swift; path = main.swift; sourceTree = "<group>"; };
		91833407297820E400A0517C /* main.swift */ = {isa = PBXFileReference; lastKnownFileType = sourcecode.swift; path = main.swift; sourceTree = "<group>"; };
		91852B55296EDFFA001EF1B4 /* main.swift */ = {isa = PBXFileReference; lastKnownFileType = sourcecode.swift; path = main.swift; sourceTree = "<group>"; };
		91852B58296EEBD7001EF1B4 /* Combination.swift */ = {isa = PBXFileReference; lastKnownFileType = sourcecode.swift; path = Combination.swift; sourceTree = "<group>"; };
		91852B5A296EF561001EF1B4 /* Permutation.swift */ = {isa = PBXFileReference; lastKnownFileType = sourcecode.swift; path = Permutation.swift; sourceTree = "<group>"; };
		9186E8D2296A93770008DF6A /* main.swift */ = {isa = PBXFileReference; lastKnownFileType = sourcecode.swift; path = main.swift; sourceTree = "<group>"; };
		91AD971929726F9100C82AB1 /* main.swift */ = {isa = PBXFileReference; lastKnownFileType = sourcecode.swift; path = main.swift; sourceTree = "<group>"; };
		91BE85AE2961A20A0006E79F /* main.swift */ = {isa = PBXFileReference; lastKnownFileType = sourcecode.swift; path = main.swift; sourceTree = "<group>"; };
		91BE85B02961B03D0006E79F /* README.md */ = {isa = PBXFileReference; lastKnownFileType = net.daringfireball.markdown; path = README.md; sourceTree = "<group>"; };
		91D42F42297094D8002C826D /* main.swift */ = {isa = PBXFileReference; lastKnownFileType = sourcecode.swift; path = main.swift; sourceTree = "<group>"; };
		91E46A0229644355007B79DC /* PriorityQueue.swift */ = {isa = PBXFileReference; lastKnownFileType = sourcecode.swift; path = PriorityQueue.swift; sourceTree = "<group>"; };
		91E46A05296443D4007B79DC /* Heap.swift */ = {isa = PBXFileReference; lastKnownFileType = sourcecode.swift; path = Heap.swift; sourceTree = "<group>"; };
		91E4770D2969497D006DB848 /* main.swift */ = {isa = PBXFileReference; lastKnownFileType = sourcecode.swift; path = main.swift; sourceTree = "<group>"; };
		91E4771029695C2A006DB848 /* main.swift */ = {isa = PBXFileReference; lastKnownFileType = sourcecode.swift; path = main.swift; sourceTree = "<group>"; };
		91FC2357296C2410000F59FB /* main.swift */ = {isa = PBXFileReference; lastKnownFileType = sourcecode.swift; path = main.swift; sourceTree = "<group>"; };
/* End PBXFileReference section */

/* Begin PBXFrameworksBuildPhase section */
		912CC28A295F13EA00D0D872 /* Frameworks */ = {
			isa = PBXFrameworksBuildPhase;
			buildActionMask = 2147483647;
			files = (
			);
			runOnlyForDeploymentPostprocessing = 0;
		};
/* End PBXFrameworksBuildPhase section */

/* Begin PBXGroup section */
		9115529D29630F3600BD06FA /* 더 맵게 */ = {
			isa = PBXGroup;
			children = (
				9115529E29630F4400BD06FA /* main.swift */,
			);
			name = "더 맵게";
			path = "더 맵게";
			sourceTree = "<group>";
		};
		911A199829796E7300AEA1DA /* 체육복 */ = {
			isa = PBXGroup;
			children = (
				911A199929796E7C00AEA1DA /* main.swift */,
			);
			name = "체육복";
			path = "체육복";
			sourceTree = "<group>";
		};
		912CC284295F13EA00D0D872 = {
			isa = PBXGroup;
			children = (
				91BE85B02961B03D0006E79F /* README.md */,
				912CC28F295F13EA00D0D872 /* SwiftAlgorithm */,
				912CC28E295F13EA00D0D872 /* Products */,
			);
			sourceTree = "<group>";
		};
		912CC28E295F13EA00D0D872 /* Products */ = {
			isa = PBXGroup;
			children = (
				912CC28D295F13EA00D0D872 /* SwiftAlgorithm */,
			);
			name = Products;
			sourceTree = "<group>";
		};
		912CC28F295F13EA00D0D872 /* SwiftAlgorithm */ = {
			isa = PBXGroup;
			children = (
				91AD971729726F7000C82AB1 /* BOJ */,
				91852B57296EEAC0001EF1B4 /* Method */,
				91E46A01296442F3007B79DC /* DataStrcutre */,
				912CC297295F140600D0D872 /* Programmers */,
			);
			path = SwiftAlgorithm;
			sourceTree = "<group>";
		};
		912CC297295F140600D0D872 /* Programmers */ = {
			isa = PBXGroup;
			children = (
				912CC29A295F188C00D0D872 /* 고득점Kit */,
			);
			path = Programmers;
			sourceTree = "<group>";
		};
		912CC29A295F188C00D0D872 /* 고득점Kit */ = {
			isa = PBXGroup;
			children = (
				911A199829796E7300AEA1DA /* 체육복 */,
				91833406297820D600A0517C /* 모음사전 */,
				9164AA39297592F200B2D70B /* 전력망을 둘로 나누기 */,
				915373862974243000885D95 /* 피로도 */,
				91D42F41297094C9002C826D /* 카펫 */,
				91852B54296EDFF0001EF1B4 /* 소수 찾기 */,
				91408DE7296D8E0C006A52E1 /* 모의고사 */,
				91FC2356296C2401000F59FB /* 최소직사각형 */,
				9186E8D1296A936A0008DF6A /* H-Index */,
				91E4770F29695C1A006DB848 /* 가장 큰 수 */,
				91E4770C29694959006DB848 /* K번째수 */,
				9168C5B129684B6B00F44817 /* 이중우선순위큐 */,
				913609142965A25E0051DD8E /* 디스크 컨트롤러 */,
				9115529D29630F3600BD06FA /* 더 맵게 */,
				91BE85AD2961A1FE0006E79F /* 기능개발 */,
				91375E19296003AE00789573 /* 주식가격 */,
				912CC29B295F18CE00D0D872 /* 베스트앨범 */,
			);
			name = "고득점Kit";
			path = "고득점Kit";
			sourceTree = "<group>";
		};
		912CC29B295F18CE00D0D872 /* 베스트앨범 */ = {
			isa = PBXGroup;
			children = (
				912CC298295F144C00D0D872 /* main.swift */,
			);
			name = "베스트앨범";
			path = "베스트앨범";
			sourceTree = "<group>";
		};
		912CE6FF29727E860004B827 /* 도넛행성 */ = {
			isa = PBXGroup;
			children = (
				912E1EE12972C4EE0031C184 /* 도넛행성.png */,
				912CE70029727E910004B827 /* main.swift */,
			);
			name = "도넛행성";
			path = "도넛행성";
			sourceTree = "<group>";
		};
		912E1EDE2972C4A10031C184 /* 미팅 */ = {
			isa = PBXGroup;
			children = (
				912E1EE32972C4F70031C184 /* 미팅.png */,
				912E1EDF2972C4B70031C184 /* main.swift */,
			);
			name = "미팅";
			path = "미팅";
			sourceTree = "<group>";
		};
		913609142965A25E0051DD8E /* 디스크 컨트롤러 */ = {
			isa = PBXGroup;
			children = (
				913609152965A26F0051DD8E /* main.swift */,
			);
			name = "디스크 컨트롤러";
			path = "디스크 컨트롤러";
			sourceTree = "<group>";
		};
		91375E19296003AE00789573 /* 주식가격 */ = {
			isa = PBXGroup;
			children = (
				91375E1A296003BC00789573 /* main.swift */,
			);
			name = "주식가격";
			path = "주식가격";
			sourceTree = "<group>";
		};
		91408DE7296D8E0C006A52E1 /* 모의고사 */ = {
			isa = PBXGroup;
			children = (
				91408DE8296D8E16006A52E1 /* main.swift */,
			);
			name = "모의고사";
			path = "모의고사";
			sourceTree = "<group>";
		};
		915373862974243000885D95 /* 피로도 */ = {
			isa = PBXGroup;
			children = (
				915373872974243C00885D95 /* main.swift */,
			);
			name = "피로도";
			path = "던전";
			sourceTree = "<group>";
		};
		9164AA39297592F200B2D70B /* 전력망을 둘로 나누기 */ = {
			isa = PBXGroup;
			children = (
				9164AA3A2975930000B2D70B /* main.swift */,
			);
			name = "전력망을 둘로 나누기";
			path = "전력망을 둘로 나누기";
			sourceTree = "<group>";
		};
		9168C5B129684B6B00F44817 /* 이중우선순위큐 */ = {
			isa = PBXGroup;
			children = (
				9168C5B229684B7B00F44817 /* main.swift */,
			);
			name = "이중우선순위큐";
			path = "이중우선순위큐";
			sourceTree = "<group>";
		};
		91833406297820D600A0517C /* 모음사전 */ = {
			isa = PBXGroup;
			children = (
				91833407297820E400A0517C /* main.swift */,
			);
			name = "모음사전";
			path = "모음사전";
			sourceTree = "<group>";
		};
		91852B54296EDFF0001EF1B4 /* 소수 찾기 */ = {
			isa = PBXGroup;
			children = (
				91852B55296EDFFA001EF1B4 /* main.swift */,
			);
			name = "소수 찾기";
			path = "소수 찾기";
			sourceTree = "<group>";
		};
		91852B57296EEAC0001EF1B4 /* Method */ = {
			isa = PBXGroup;
			children = (
				91852B58296EEBD7001EF1B4 /* Combination.swift */,
				91852B5A296EF561001EF1B4 /* Permutation.swift */,
			);
			path = Method;
			sourceTree = "<group>";
		};
		9186E8D1296A936A0008DF6A /* H-Index */ = {
			isa = PBXGroup;
			children = (
				9186E8D2296A93770008DF6A /* main.swift */,
			);
			path = "H-Index";
			sourceTree = "<group>";
		};
		91AD971729726F7000C82AB1 /* BOJ */ = {
			isa = PBXGroup;
			children = (
				91AD971829726F8100C82AB1 /* ShowMeTheCode */,
			);
			path = BOJ;
			sourceTree = "<group>";
		};
		91AD971829726F8100C82AB1 /* ShowMeTheCode */ = {
			isa = PBXGroup;
			children = (
				912E1EDE2972C4A10031C184 /* 미팅 */,
				912CE6FF29727E860004B827 /* 도넛행성 */,
				91AD971B29726F9800C82AB1 /* 신을 모시는 사당 */,
			);
			path = ShowMeTheCode;
			sourceTree = "<group>";
		};
		91AD971B29726F9800C82AB1 /* 신을 모시는 사당 */ = {
			isa = PBXGroup;
			children = (
				912E1EE22972C4F10031C184 /* 신을 모시는 사당.png */,
				91AD971929726F9100C82AB1 /* main.swift */,
			);
			name = "신을 모시는 사당";
			path = "신을 모시는 사당";
			sourceTree = "<group>";
		};
		91BE85AD2961A1FE0006E79F /* 기능개발 */ = {
			isa = PBXGroup;
			children = (
				91BE85AE2961A20A0006E79F /* main.swift */,
			);
			name = "기능개발";
			path = "기능개발";
			sourceTree = "<group>";
		};
		91D42F41297094C9002C826D /* 카펫 */ = {
			isa = PBXGroup;
			children = (
				91D42F42297094D8002C826D /* main.swift */,
			);
			path = "카펫";
			sourceTree = "<group>";
		};
		91E46A01296442F3007B79DC /* DataStrcutre */ = {
			isa = PBXGroup;
			children = (
				91E46A0229644355007B79DC /* PriorityQueue.swift */,
				91E46A05296443D4007B79DC /* Heap.swift */,
			);
			path = DataStrcutre;
			sourceTree = "<group>";
		};
		91E4770C29694959006DB848 /* K번째수 */ = {
			isa = PBXGroup;
			children = (
				91E4770D2969497D006DB848 /* main.swift */,
			);
			name = "K번째수";
			path = "K번째수";
			sourceTree = "<group>";
		};
		91E4770F29695C1A006DB848 /* 가장 큰 수 */ = {
			isa = PBXGroup;
			children = (
				91E4771029695C2A006DB848 /* main.swift */,
			);
			name = "가장 큰 수";
			path = "가장큰수";
			sourceTree = "<group>";
		};
		91FC2356296C2401000F59FB /* 최소직사각형 */ = {
			isa = PBXGroup;
			children = (
				91FC2357296C2410000F59FB /* main.swift */,
			);
			name = "최소직사각형";
			path = "최소직사각형";
			sourceTree = "<group>";
		};
/* End PBXGroup section */

/* Begin PBXNativeTarget section */
		912CC28C295F13EA00D0D872 /* SwiftAlgorithm */ = {
			isa = PBXNativeTarget;
			buildConfigurationList = 912CC294295F13EA00D0D872 /* Build configuration list for PBXNativeTarget "SwiftAlgorithm" */;
			buildPhases = (
				912CC289295F13EA00D0D872 /* Sources */,
				912CC28A295F13EA00D0D872 /* Frameworks */,
				912CC28B295F13EA00D0D872 /* CopyFiles */,
			);
			buildRules = (
			);
			dependencies = (
			);
			name = SwiftAlgorithm;
			productName = SwiftAlgorithm;
			productReference = 912CC28D295F13EA00D0D872 /* SwiftAlgorithm */;
			productType = "com.apple.product-type.tool";
		};
/* End PBXNativeTarget section */

/* Begin PBXProject section */
		912CC285295F13EA00D0D872 /* Project object */ = {
			isa = PBXProject;
			attributes = {
				BuildIndependentTargetsInParallel = 1;
				LastSwiftUpdateCheck = 1400;
				LastUpgradeCheck = 1400;
				TargetAttributes = {
					912CC28C295F13EA00D0D872 = {
						CreatedOnToolsVersion = 14.0.1;
						LastSwiftMigration = 1400;
					};
				};
			};
			buildConfigurationList = 912CC288295F13EA00D0D872 /* Build configuration list for PBXProject "SwiftAlgorithm" */;
			compatibilityVersion = "Xcode 14.0";
			developmentRegion = en;
			hasScannedForEncodings = 0;
			knownRegions = (
				en,
				Base,
			);
			mainGroup = 912CC284295F13EA00D0D872;
			productRefGroup = 912CC28E295F13EA00D0D872 /* Products */;
			projectDirPath = "";
			projectRoot = "";
			targets = (
				912CC28C295F13EA00D0D872 /* SwiftAlgorithm */,
			);
		};
/* End PBXProject section */

/* Begin PBXSourcesBuildPhase section */
		912CC289295F13EA00D0D872 /* Sources */ = {
			isa = PBXSourcesBuildPhase;
			buildActionMask = 2147483647;
			files = (
				91E46A06296443D4007B79DC /* Heap.swift in Sources */,
				911A199A29796E7C00AEA1DA /* main.swift in Sources */,
				91E46A07296454A3007B79DC /* PriorityQueue.swift in Sources */,
				91852B5B296EF561001EF1B4 /* Permutation.swift in Sources */,
				91852B59296EEBD7001EF1B4 /* Combination.swift in Sources */,
			);
			runOnlyForDeploymentPostprocessing = 0;
		};
/* End PBXSourcesBuildPhase section */

/* Begin XCBuildConfiguration section */
		912CC292295F13EA00D0D872 /* Debug */ = {
			isa = XCBuildConfiguration;
			buildSettings = {
				ALWAYS_SEARCH_USER_PATHS = NO;
				CLANG_ANALYZER_NONNULL = YES;
				CLANG_ANALYZER_NUMBER_OBJECT_CONVERSION = YES_AGGRESSIVE;
				CLANG_CXX_LANGUAGE_STANDARD = "gnu++20";
				CLANG_ENABLE_MODULES = YES;
				CLANG_ENABLE_OBJC_ARC = YES;
				CLANG_ENABLE_OBJC_WEAK = YES;
				CLANG_WARN_BLOCK_CAPTURE_AUTORELEASING = YES;
				CLANG_WARN_BOOL_CONVERSION = YES;
				CLANG_WARN_COMMA = YES;
				CLANG_WARN_CONSTANT_CONVERSION = YES;
				CLANG_WARN_DEPRECATED_OBJC_IMPLEMENTATIONS = YES;
				CLANG_WARN_DIRECT_OBJC_ISA_USAGE = YES_ERROR;
				CLANG_WARN_DOCUMENTATION_COMMENTS = YES;
				CLANG_WARN_EMPTY_BODY = YES;
				CLANG_WARN_ENUM_CONVERSION = YES;
				CLANG_WARN_INFINITE_RECURSION = YES;
				CLANG_WARN_INT_CONVERSION = YES;
				CLANG_WARN_NON_LITERAL_NULL_CONVERSION = YES;
				CLANG_WARN_OBJC_IMPLICIT_RETAIN_SELF = YES;
				CLANG_WARN_OBJC_LITERAL_CONVERSION = YES;
				CLANG_WARN_OBJC_ROOT_CLASS = YES_ERROR;
				CLANG_WARN_QUOTED_INCLUDE_IN_FRAMEWORK_HEADER = YES;
				CLANG_WARN_RANGE_LOOP_ANALYSIS = YES;
				CLANG_WARN_STRICT_PROTOTYPES = YES;
				CLANG_WARN_SUSPICIOUS_MOVE = YES;
				CLANG_WARN_UNGUARDED_AVAILABILITY = YES_AGGRESSIVE;
				CLANG_WARN_UNREACHABLE_CODE = YES;
				CLANG_WARN__DUPLICATE_METHOD_MATCH = YES;
				COPY_PHASE_STRIP = NO;
				DEBUG_INFORMATION_FORMAT = dwarf;
				ENABLE_STRICT_OBJC_MSGSEND = YES;
				ENABLE_TESTABILITY = YES;
				GCC_C_LANGUAGE_STANDARD = gnu11;
				GCC_DYNAMIC_NO_PIC = NO;
				GCC_NO_COMMON_BLOCKS = YES;
				GCC_OPTIMIZATION_LEVEL = 0;
				GCC_PREPROCESSOR_DEFINITIONS = (
					"DEBUG=1",
					"$(inherited)",
				);
				GCC_WARN_64_TO_32_BIT_CONVERSION = YES;
				GCC_WARN_ABOUT_RETURN_TYPE = YES_ERROR;
				GCC_WARN_UNDECLARED_SELECTOR = YES;
				GCC_WARN_UNINITIALIZED_AUTOS = YES_AGGRESSIVE;
				GCC_WARN_UNUSED_FUNCTION = YES;
				GCC_WARN_UNUSED_VARIABLE = YES;
				MACOSX_DEPLOYMENT_TARGET = 12.3;
				MTL_ENABLE_DEBUG_INFO = INCLUDE_SOURCE;
				MTL_FAST_MATH = YES;
				ONLY_ACTIVE_ARCH = YES;
				SDKROOT = macosx;
				SWIFT_ACTIVE_COMPILATION_CONDITIONS = DEBUG;
				SWIFT_OPTIMIZATION_LEVEL = "-Onone";
			};
			name = Debug;
		};
		912CC293295F13EA00D0D872 /* Release */ = {
			isa = XCBuildConfiguration;
			buildSettings = {
				ALWAYS_SEARCH_USER_PATHS = NO;
				CLANG_ANALYZER_NONNULL = YES;
				CLANG_ANALYZER_NUMBER_OBJECT_CONVERSION = YES_AGGRESSIVE;
				CLANG_CXX_LANGUAGE_STANDARD = "gnu++20";
				CLANG_ENABLE_MODULES = YES;
				CLANG_ENABLE_OBJC_ARC = YES;
				CLANG_ENABLE_OBJC_WEAK = YES;
				CLANG_WARN_BLOCK_CAPTURE_AUTORELEASING = YES;
				CLANG_WARN_BOOL_CONVERSION = YES;
				CLANG_WARN_COMMA = YES;
				CLANG_WARN_CONSTANT_CONVERSION = YES;
				CLANG_WARN_DEPRECATED_OBJC_IMPLEMENTATIONS = YES;
				CLANG_WARN_DIRECT_OBJC_ISA_USAGE = YES_ERROR;
				CLANG_WARN_DOCUMENTATION_COMMENTS = YES;
				CLANG_WARN_EMPTY_BODY = YES;
				CLANG_WARN_ENUM_CONVERSION = YES;
				CLANG_WARN_INFINITE_RECURSION = YES;
				CLANG_WARN_INT_CONVERSION = YES;
				CLANG_WARN_NON_LITERAL_NULL_CONVERSION = YES;
				CLANG_WARN_OBJC_IMPLICIT_RETAIN_SELF = YES;
				CLANG_WARN_OBJC_LITERAL_CONVERSION = YES;
				CLANG_WARN_OBJC_ROOT_CLASS = YES_ERROR;
				CLANG_WARN_QUOTED_INCLUDE_IN_FRAMEWORK_HEADER = YES;
				CLANG_WARN_RANGE_LOOP_ANALYSIS = YES;
				CLANG_WARN_STRICT_PROTOTYPES = YES;
				CLANG_WARN_SUSPICIOUS_MOVE = YES;
				CLANG_WARN_UNGUARDED_AVAILABILITY = YES_AGGRESSIVE;
				CLANG_WARN_UNREACHABLE_CODE = YES;
				CLANG_WARN__DUPLICATE_METHOD_MATCH = YES;
				COPY_PHASE_STRIP = NO;
				DEBUG_INFORMATION_FORMAT = "dwarf-with-dsym";
				ENABLE_NS_ASSERTIONS = NO;
				ENABLE_STRICT_OBJC_MSGSEND = YES;
				GCC_C_LANGUAGE_STANDARD = gnu11;
				GCC_NO_COMMON_BLOCKS = YES;
				GCC_WARN_64_TO_32_BIT_CONVERSION = YES;
				GCC_WARN_ABOUT_RETURN_TYPE = YES_ERROR;
				GCC_WARN_UNDECLARED_SELECTOR = YES;
				GCC_WARN_UNINITIALIZED_AUTOS = YES_AGGRESSIVE;
				GCC_WARN_UNUSED_FUNCTION = YES;
				GCC_WARN_UNUSED_VARIABLE = YES;
				MACOSX_DEPLOYMENT_TARGET = 12.3;
				MTL_ENABLE_DEBUG_INFO = NO;
				MTL_FAST_MATH = YES;
				SDKROOT = macosx;
				SWIFT_COMPILATION_MODE = wholemodule;
				SWIFT_OPTIMIZATION_LEVEL = "-O";
			};
			name = Release;
		};
		912CC295295F13EA00D0D872 /* Debug */ = {
			isa = XCBuildConfiguration;
			buildSettings = {
				CLANG_ENABLE_MODULES = YES;
				CODE_SIGN_STYLE = Automatic;
				DEVELOPMENT_TEAM = 54QH6LCWDM;
				ENABLE_HARDENED_RUNTIME = YES;
				LD_RUNPATH_SEARCH_PATHS = (
					"$(inherited)",
					"@executable_path/../Frameworks",
					"@loader_path/../Frameworks",
				);
				PRODUCT_NAME = "$(TARGET_NAME)";
				SWIFT_OPTIMIZATION_LEVEL = "-Onone";
				SWIFT_VERSION = 5.0;
			};
			name = Debug;
		};
		912CC296295F13EA00D0D872 /* Release */ = {
			isa = XCBuildConfiguration;
			buildSettings = {
				CLANG_ENABLE_MODULES = YES;
				CODE_SIGN_STYLE = Automatic;
				DEVELOPMENT_TEAM = 54QH6LCWDM;
				ENABLE_HARDENED_RUNTIME = YES;
				LD_RUNPATH_SEARCH_PATHS = (
					"$(inherited)",
					"@executable_path/../Frameworks",
					"@loader_path/../Frameworks",
				);
				PRODUCT_NAME = "$(TARGET_NAME)";
				SWIFT_VERSION = 5.0;
			};
			name = Release;
		};
/* End XCBuildConfiguration section */

/* Begin XCConfigurationList section */
		912CC288295F13EA00D0D872 /* Build configuration list for PBXProject "SwiftAlgorithm" */ = {
			isa = XCConfigurationList;
			buildConfigurations = (
				912CC292295F13EA00D0D872 /* Debug */,
				912CC293295F13EA00D0D872 /* Release */,
			);
			defaultConfigurationIsVisible = 0;
			defaultConfigurationName = Release;
		};
		912CC294295F13EA00D0D872 /* Build configuration list for PBXNativeTarget "SwiftAlgorithm" */ = {
			isa = XCConfigurationList;
			buildConfigurations = (
				912CC295295F13EA00D0D872 /* Debug */,
				912CC296295F13EA00D0D872 /* Release */,
			);
			defaultConfigurationIsVisible = 0;
			defaultConfigurationName = Release;
		};
/* End XCConfigurationList section */
	};
	rootObject = 912CC285295F13EA00D0D872 /* Project object */;
}
